
Microsoft Visual Studio Solution File, Format Version 12.00
# Visual Studio Version 16
VisualStudioVersion = 25.0.1704.0
MinimumVisualStudioVersion = 10.0.40219.1
Project("{FAE04EC0-301F-11D3-BF4B-00C04F79EFBC}") = "MoreLogic", "MoreLogic\MoreLogic.csproj", "{865F75DA-EA5D-4EC3-AB47-0D6E968F8FC5}"
EndProject
Global
	GlobalSection(SolutionConfigurationPlatforms) = preSolution
		Debug|Any CPU = Debug|Any CPU
		Release|Any CPU = Release|Any CPU
	EndGlobalSection
	GlobalSection(ProjectConfigurationPlatforms) = postSolution
		{865F75DA-EA5D-4EC3-AB47-0D6E968F8FC5}.Debug|Any CPU.ActiveCfg = Debug|Any CPU
		{865F75DA-EA5D-4EC3-AB47-0D6E968F8FC5}.Debug|Any CPU.Build.0 = Debug|Any CPU
		{865F75DA-EA5D-4EC3-AB47-0D6E968F8FC5}.Release|Any CPU.ActiveCfg = Release|Any CPU
		{865F75DA-EA5D-4EC3-AB47-0D6E968F8FC5}.Release|Any CPU.Build.0 = Release|Any CPU
	EndGlobalSection
	GlobalSection(SolutionProperties) = preSolution
		HideSolutionNode = FALSE
	EndGlobalSection
	GlobalSection(ExtensibilityGlobals) = postSolution
		SolutionGuid = {4EFA206E-B763-49C8-AB57-7E6C36678E18}
	EndGlobalSection
EndGlobal
