
Microsoft Visual Studio Solution File, Format Version 12.00
# Visual Studio Version 16
VisualStudioVersion = 25.0.1704.0
MinimumVisualStudioVersion = 10.0.40219.1
Project("{FAE04EC0-301F-11D3-BF4B-00C04F79EFBC}") = "MoreLogic", "MoreLogic.csproj", "{9FCC72D4-5996-414D-B91C-134C6DB3905A}"
EndProject
Global
	GlobalSection(SolutionConfigurationPlatforms) = preSolution
		Debug|Any CPU = Debug|Any CPU
		Release|Any CPU = Release|Any CPU
	EndGlobalSection
	GlobalSection(ProjectConfigurationPlatforms) = postSolution
		{9FCC72D4-5996-414D-B91C-134C6DB3905A}.Debug|Any CPU.ActiveCfg = Debug|Any CPU
		{9FCC72D4-5996-414D-B91C-134C6DB3905A}.Debug|Any CPU.Build.0 = Debug|Any CPU
		{9FCC72D4-5996-414D-B91C-134C6DB3905A}.Release|Any CPU.ActiveCfg = Release|Any CPU
		{9FCC72D4-5996-414D-B91C-134C6DB3905A}.Release|Any CPU.Build.0 = Release|Any CPU
	EndGlobalSection
	GlobalSection(SolutionProperties) = preSolution
		HideSolutionNode = FALSE
	EndGlobalSection
	GlobalSection(ExtensibilityGlobals) = postSolution
		SolutionGuid = {D20E2F36-8803-4021-8EB1-B8FFB8D70B05}
	EndGlobalSection
EndGlobal
