
Microsoft Visual Studio Solution File, Format Version 12.00
# Visual Studio Version 16
VisualStudioVersion = 25.0.1704.0
MinimumVisualStudioVersion = 10.0.40219.1
Project("{FAE04EC0-301F-11D3-BF4B-00C04F79EFBC}") = "ForLoopAndArrays", "ForLoopAndArrays\ForLoopAndArrays.csproj", "{B81F60EF-AB45-47D2-88F3-695AE25B8F0D}"
EndProject
Global
	GlobalSection(SolutionConfigurationPlatforms) = preSolution
		Debug|Any CPU = Debug|Any CPU
		Release|Any CPU = Release|Any CPU
	EndGlobalSection
	GlobalSection(ProjectConfigurationPlatforms) = postSolution
		{B81F60EF-AB45-47D2-88F3-695AE25B8F0D}.Debug|Any CPU.ActiveCfg = Debug|Any CPU
		{B81F60EF-AB45-47D2-88F3-695AE25B8F0D}.Debug|Any CPU.Build.0 = Debug|Any CPU
		{B81F60EF-AB45-47D2-88F3-695AE25B8F0D}.Release|Any CPU.ActiveCfg = Release|Any CPU
		{B81F60EF-AB45-47D2-88F3-695AE25B8F0D}.Release|Any CPU.Build.0 = Release|Any CPU
	EndGlobalSection
	GlobalSection(SolutionProperties) = preSolution
		HideSolutionNode = FALSE
	EndGlobalSection
	GlobalSection(ExtensibilityGlobals) = postSolution
		SolutionGuid = {22FDE9C1-DE73-4E3D-BC44-4EC9131F6A70}
	EndGlobalSection
EndGlobal
